
Microsoft Visual Studio Solution File, Format Version 12.00
# Visual Studio Version 17
VisualStudioVersion = 17.4.32804.182
MinimumVisualStudioVersion = 10.0.40219.1
Project("{9A19103F-16F7-4668-BE54-9A1E7A4F7556}") = "MauiApi", "MauiApi\MauiApi.csproj", "{7130B6F0-EB69-48AB-98D7-66E3924D1558}"
EndProject
Global
	GlobalSection(SolutionConfigurationPlatforms) = preSolution
		Debug|Any CPU = Debug|Any CPU
		Release|Any CPU = Release|Any CPU
	EndGlobalSection
	GlobalSection(ProjectConfigurationPlatforms) = postSolution
		{7130B6F0-EB69-48AB-98D7-66E3924D1558}.Debug|Any CPU.ActiveCfg = Debug|Any CPU
		{7130B6F0-EB69-48AB-98D7-66E3924D1558}.Debug|Any CPU.Build.0 = Debug|Any CPU
		{7130B6F0-EB69-48AB-98D7-66E3924D1558}.Release|Any CPU.ActiveCfg = Release|Any CPU
		{7130B6F0-EB69-48AB-98D7-66E3924D1558}.Release|Any CPU.Build.0 = Release|Any CPU
	EndGlobalSection
	GlobalSection(SolutionProperties) = preSolution
		HideSolutionNode = FALSE
	EndGlobalSection
	GlobalSection(ExtensibilityGlobals) = postSolution
		SolutionGuid = {E4656A3D-B6AC-4C23-8B0A-BE0CCBDC5FB0}
	EndGlobalSection
EndGlobal
